
Microsoft Visual Studio Solution File, Format Version 12.00
# Visual Studio 15
VisualStudioVersion = 15.0.26730.15
MinimumVisualStudioVersion = 10.0.40219.1
Project("{9A19103F-16F7-4668-BE54-9A1E7A4F7556}") = "main", "main\main.csproj", "{717EAF0E-7A69-4597-A67F-7E11B5B03285}"
EndProject
Project("{9A19103F-16F7-4668-BE54-9A1E7A4F7556}") = "model", "Model\model.csproj", "{2B9423F6-21AA-4393-B05C-98C6049CDEC9}"
EndProject
Project("{9A19103F-16F7-4668-BE54-9A1E7A4F7556}") = "utility", "utility\utility.csproj", "{28CD3EC8-3C4D-4854-9C3C-A9DD9172E7FD}"
EndProject
Project("{9A19103F-16F7-4668-BE54-9A1E7A4F7556}") = "Segmenter", "jieba.NET\Segmenter\Segmenter.csproj", "{57B80EFF-F6E2-4CCD-8AE0-25E2892478CF}"
EndProject
Project("{9A19103F-16F7-4668-BE54-9A1E7A4F7556}") = "Analyser", "jieba.NET\Analyser\Analyser.csproj", "{9380B4B9-C6C1-4B28-BBA2-30E56C6A7122}"
EndProject
Project("{2150E333-8FDC-42A3-9474-1A3956D46DE8}") = "jieba", "jieba", "{6B803110-56D4-4FF0-BB41-B860499D9301}"
EndProject
Global
	GlobalSection(SolutionConfigurationPlatforms) = preSolution
		Debug|Any CPU = Debug|Any CPU
		Release|Any CPU = Release|Any CPU
	EndGlobalSection
	GlobalSection(ProjectConfigurationPlatforms) = postSolution
		{717EAF0E-7A69-4597-A67F-7E11B5B03285}.Debug|Any CPU.ActiveCfg = Debug|Any CPU
		{717EAF0E-7A69-4597-A67F-7E11B5B03285}.Debug|Any CPU.Build.0 = Debug|Any CPU
		{717EAF0E-7A69-4597-A67F-7E11B5B03285}.Release|Any CPU.ActiveCfg = Release|Any CPU
		{717EAF0E-7A69-4597-A67F-7E11B5B03285}.Release|Any CPU.Build.0 = Release|Any CPU
		{2B9423F6-21AA-4393-B05C-98C6049CDEC9}.Debug|Any CPU.ActiveCfg = Debug|Any CPU
		{2B9423F6-21AA-4393-B05C-98C6049CDEC9}.Debug|Any CPU.Build.0 = Debug|Any CPU
		{2B9423F6-21AA-4393-B05C-98C6049CDEC9}.Release|Any CPU.ActiveCfg = Release|Any CPU
		{2B9423F6-21AA-4393-B05C-98C6049CDEC9}.Release|Any CPU.Build.0 = Release|Any CPU
		{28CD3EC8-3C4D-4854-9C3C-A9DD9172E7FD}.Debug|Any CPU.ActiveCfg = Debug|Any CPU
		{28CD3EC8-3C4D-4854-9C3C-A9DD9172E7FD}.Debug|Any CPU.Build.0 = Debug|Any CPU
		{28CD3EC8-3C4D-4854-9C3C-A9DD9172E7FD}.Release|Any CPU.ActiveCfg = Release|Any CPU
		{28CD3EC8-3C4D-4854-9C3C-A9DD9172E7FD}.Release|Any CPU.Build.0 = Release|Any CPU
		{57B80EFF-F6E2-4CCD-8AE0-25E2892478CF}.Debug|Any CPU.ActiveCfg = Debug|Any CPU
		{57B80EFF-F6E2-4CCD-8AE0-25E2892478CF}.Debug|Any CPU.Build.0 = Debug|Any CPU
		{57B80EFF-F6E2-4CCD-8AE0-25E2892478CF}.Release|Any CPU.ActiveCfg = Release|Any CPU
		{57B80EFF-F6E2-4CCD-8AE0-25E2892478CF}.Release|Any CPU.Build.0 = Release|Any CPU
		{9380B4B9-C6C1-4B28-BBA2-30E56C6A7122}.Debug|Any CPU.ActiveCfg = Debug|Any CPU
		{9380B4B9-C6C1-4B28-BBA2-30E56C6A7122}.Debug|Any CPU.Build.0 = Debug|Any CPU
		{9380B4B9-C6C1-4B28-BBA2-30E56C6A7122}.Release|Any CPU.ActiveCfg = Release|Any CPU
		{9380B4B9-C6C1-4B28-BBA2-30E56C6A7122}.Release|Any CPU.Build.0 = Release|Any CPU
	EndGlobalSection
	GlobalSection(SolutionProperties) = preSolution
		HideSolutionNode = FALSE
	EndGlobalSection
	GlobalSection(NestedProjects) = preSolution
		{57B80EFF-F6E2-4CCD-8AE0-25E2892478CF} = {6B803110-56D4-4FF0-BB41-B860499D9301}
		{9380B4B9-C6C1-4B28-BBA2-30E56C6A7122} = {6B803110-56D4-4FF0-BB41-B860499D9301}
	EndGlobalSection
	GlobalSection(ExtensibilityGlobals) = postSolution
		SolutionGuid = {F871AB62-69E9-4A93-B281-7ADD8EF6B699}
	EndGlobalSection
EndGlobal
